
Microsoft Visual Studio Solution File, Format Version 12.00
# Visual Studio 15
VisualStudioVersion = 15.0.27130.2036
MinimumVisualStudioVersion = 10.0.40219.1
Project("{FAE04EC0-301F-11D3-BF4B-00C04F79EFBC}") = "OSyM", "OSyM\OSyM.csproj", "{67F0B5CA-C6AF-447A-ABE7-271B0D38A745}"
EndProject
Global
	GlobalSection(SolutionConfigurationPlatforms) = preSolution
		Debug|Any CPU = Debug|Any CPU
		Release|Any CPU = Release|Any CPU
	EndGlobalSection
	GlobalSection(ProjectConfigurationPlatforms) = postSolution
		{67F0B5CA-C6AF-447A-ABE7-271B0D38A745}.Debug|Any CPU.ActiveCfg = Debug|Any CPU
		{67F0B5CA-C6AF-447A-ABE7-271B0D38A745}.Debug|Any CPU.Build.0 = Debug|Any CPU
		{67F0B5CA-C6AF-447A-ABE7-271B0D38A745}.Release|Any CPU.ActiveCfg = Release|Any CPU
		{67F0B5CA-C6AF-447A-ABE7-271B0D38A745}.Release|Any CPU.Build.0 = Release|Any CPU
	EndGlobalSection
	GlobalSection(SolutionProperties) = preSolution
		HideSolutionNode = FALSE
	EndGlobalSection
	GlobalSection(ExtensibilityGlobals) = postSolution
		SolutionGuid = {2646B09E-EBD6-4FCC-93C1-15FCF86FFE77}
	EndGlobalSection
EndGlobal
